
Microsoft Visual Studio Solution File, Format Version 12.00
# Visual Studio Version 17
VisualStudioVersion = 17.6.33829.357
MinimumVisualStudioVersion = 10.0.40219.1
Project("{FAE04EC0-301F-11D3-BF4B-00C04F79EFBC}") = "PitWallDataGatheringApi", "PitWallDataGatheringApi\PitWallDataGatheringApi.csproj", "{022A3D3D-47EB-41C2-A9B0-A2EA52EE3D38}"
EndProject
Project("{FAE04EC0-301F-11D3-BF4B-00C04F79EFBC}") = "PitWallDataGatheringApi.Tests", "PitWallDataGatheringApi.Tests\PitWallDataGatheringApi.Tests.csproj", "{29DE70B4-13DE-4D0A-8E37-2E9EAB252395}"
EndProject
Global
	GlobalSection(SolutionConfigurationPlatforms) = preSolution
		Debug|Any CPU = Debug|Any CPU
		Release|Any CPU = Release|Any CPU
	EndGlobalSection
	GlobalSection(ProjectConfigurationPlatforms) = postSolution
		{022A3D3D-47EB-41C2-A9B0-A2EA52EE3D38}.Debug|Any CPU.ActiveCfg = Debug|Any CPU
		{022A3D3D-47EB-41C2-A9B0-A2EA52EE3D38}.Debug|Any CPU.Build.0 = Debug|Any CPU
		{022A3D3D-47EB-41C2-A9B0-A2EA52EE3D38}.Release|Any CPU.ActiveCfg = Release|Any CPU
		{022A3D3D-47EB-41C2-A9B0-A2EA52EE3D38}.Release|Any CPU.Build.0 = Release|Any CPU
		{29DE70B4-13DE-4D0A-8E37-2E9EAB252395}.Debug|Any CPU.ActiveCfg = Debug|Any CPU
		{29DE70B4-13DE-4D0A-8E37-2E9EAB252395}.Debug|Any CPU.Build.0 = Debug|Any CPU
		{29DE70B4-13DE-4D0A-8E37-2E9EAB252395}.Release|Any CPU.ActiveCfg = Release|Any CPU
		{29DE70B4-13DE-4D0A-8E37-2E9EAB252395}.Release|Any CPU.Build.0 = Release|Any CPU
	EndGlobalSection
	GlobalSection(SolutionProperties) = preSolution
		HideSolutionNode = FALSE
	EndGlobalSection
	GlobalSection(ExtensibilityGlobals) = postSolution
		SolutionGuid = {6974FC9E-EA8C-4D88-A746-EA0D485A72F0}
	EndGlobalSection
EndGlobal
