
Microsoft Visual Studio Solution File, Format Version 12.00
# Visual Studio Version 17
VisualStudioVersion = 17.6.33829.357
MinimumVisualStudioVersion = 10.0.40219.1
Project("{9A19103F-16F7-4668-BE54-9A1E7A4F7556}") = "PitWallDataGatheringApi", "PitWallDataGatheringApi\PitWallDataGatheringApi.csproj", "{022A3D3D-47EB-41C2-A9B0-A2EA52EE3D38}"
EndProject
Project("{9A19103F-16F7-4668-BE54-9A1E7A4F7556}") = "PitWallDataGatheringApi.Tests", "PitWallDataGatheringApi.Tests\PitWallDataGatheringApi.Tests.csproj", "{29DE70B4-13DE-4D0A-8E37-2E9EAB252395}"
EndProject
Project("{2150E333-8FDC-42A3-9474-1A3956D46DE8}") = "Solution Items", "Solution Items", "{464F40EE-D811-4432-9F48-06A274E2DC27}"
	ProjectSection(SolutionItems) = preProject
		..\..\azure-pipelines.yml = ..\..\azure-pipelines.yml
		..\Container\compose.yml = ..\Container\compose.yml
		..\..\README.md = ..\..\README.md
	EndProjectSection
EndProject
Project("{9A19103F-16F7-4668-BE54-9A1E7A4F7556}") = "PitWallDataGatheringApi.Integration.Tests", "PitWallDataGatheringApi.Integration.Tests\PitWallDataGatheringApi.Integration.Tests.csproj", "{9D914C92-ED59-481A-9114-06C849A33B3C}"
EndProject
Project("{9A19103F-16F7-4668-BE54-9A1E7A4F7556}") = "PitWallDataGatheringApi.Models", "PitWallDataGatheringApi.Models\PitWallDataGatheringApi.Models.csproj", "{2F941E44-0B54-4917-8794-51F6048E6636}"
EndProject
Project("{9A19103F-16F7-4668-BE54-9A1E7A4F7556}") = "PitWallDataGatheringApi.Repositories", "PitWallDataGatheringApi.Repositories\PitWallDataGatheringApi.Repositories.csproj", "{D2C8222F-B531-40A4-A43A-A1F4543557EB}"
EndProject
Project("{9A19103F-16F7-4668-BE54-9A1E7A4F7556}") = "PitWallDataGatheringApi.Repositories.Tests", "PitWallDataGatheringApi.Repositories.Tests\PitWallDataGatheringApi.Repositories.Tests.csproj", "{1C844491-3CE5-4D9B-89E7-86BE8C27CE9E}"
EndProject
Project("{9A19103F-16F7-4668-BE54-9A1E7A4F7556}") = "PitWallDataGatheringApi.Services", "PitWallDataGatheringApi.Services\PitWallDataGatheringApi.Services.csproj", "{DEA40742-5E96-4143-852D-7534CA0CAA9D}"
EndProject
Project("{9A19103F-16F7-4668-BE54-9A1E7A4F7556}") = "PitWallDataGatheringApi.Services.Tests", "PitWallDataGatheringApi.Services.Tests\PitWallDataGatheringApi.Services.Tests.csproj", "{AF834D2F-7D3E-47A2-A545-0BB62581F1AB}"
EndProject
Project("{9A19103F-16F7-4668-BE54-9A1E7A4F7556}") = "PitWallDataGatheringApi.Models.Tests", "PitWallDataGatheringApi.Models.Tests\PitWallDataGatheringApi.Models.Tests.csproj", "{4C8248FA-0B12-4D00-8B1E-113942520405}"
EndProject
Project("{2150E333-8FDC-42A3-9474-1A3956D46DE8}") = "Repositories", "Repositories", "{800D3DA2-3631-4B83-BDA0-0099497C9043}"
EndProject
Project("{2150E333-8FDC-42A3-9474-1A3956D46DE8}") = "Api", "Api", "{78DB5AE6-B19B-4DE8-BC33-4C2C2C9B34D4}"
EndProject
Project("{FAE04EC0-301F-11D3-BF4B-00C04F79EFBC}") = "PitwallDataGatheringApi.Tests.Common", "PitwallDataGatheringApi.Tests.Common\PitwallDataGatheringApi.Tests.Common.csproj", "{6ED8376A-D99C-4A94-9952-4C7855336B1F}"
EndProject
Global
	GlobalSection(SolutionConfigurationPlatforms) = preSolution
		Debug|Any CPU = Debug|Any CPU
		Release|Any CPU = Release|Any CPU
	EndGlobalSection
	GlobalSection(ProjectConfigurationPlatforms) = postSolution
		{022A3D3D-47EB-41C2-A9B0-A2EA52EE3D38}.Debug|Any CPU.ActiveCfg = Debug|Any CPU
		{022A3D3D-47EB-41C2-A9B0-A2EA52EE3D38}.Debug|Any CPU.Build.0 = Debug|Any CPU
		{022A3D3D-47EB-41C2-A9B0-A2EA52EE3D38}.Release|Any CPU.ActiveCfg = Release|Any CPU
		{022A3D3D-47EB-41C2-A9B0-A2EA52EE3D38}.Release|Any CPU.Build.0 = Release|Any CPU
		{29DE70B4-13DE-4D0A-8E37-2E9EAB252395}.Debug|Any CPU.ActiveCfg = Debug|Any CPU
		{29DE70B4-13DE-4D0A-8E37-2E9EAB252395}.Debug|Any CPU.Build.0 = Debug|Any CPU
		{29DE70B4-13DE-4D0A-8E37-2E9EAB252395}.Release|Any CPU.ActiveCfg = Release|Any CPU
		{29DE70B4-13DE-4D0A-8E37-2E9EAB252395}.Release|Any CPU.Build.0 = Release|Any CPU
		{9D914C92-ED59-481A-9114-06C849A33B3C}.Debug|Any CPU.ActiveCfg = Debug|Any CPU
		{9D914C92-ED59-481A-9114-06C849A33B3C}.Debug|Any CPU.Build.0 = Debug|Any CPU
		{9D914C92-ED59-481A-9114-06C849A33B3C}.Release|Any CPU.ActiveCfg = Release|Any CPU
		{9D914C92-ED59-481A-9114-06C849A33B3C}.Release|Any CPU.Build.0 = Release|Any CPU
		{2F941E44-0B54-4917-8794-51F6048E6636}.Debug|Any CPU.ActiveCfg = Debug|Any CPU
		{2F941E44-0B54-4917-8794-51F6048E6636}.Debug|Any CPU.Build.0 = Debug|Any CPU
		{2F941E44-0B54-4917-8794-51F6048E6636}.Release|Any CPU.ActiveCfg = Release|Any CPU
		{2F941E44-0B54-4917-8794-51F6048E6636}.Release|Any CPU.Build.0 = Release|Any CPU
		{D2C8222F-B531-40A4-A43A-A1F4543557EB}.Debug|Any CPU.ActiveCfg = Debug|Any CPU
		{D2C8222F-B531-40A4-A43A-A1F4543557EB}.Debug|Any CPU.Build.0 = Debug|Any CPU
		{D2C8222F-B531-40A4-A43A-A1F4543557EB}.Release|Any CPU.ActiveCfg = Release|Any CPU
		{D2C8222F-B531-40A4-A43A-A1F4543557EB}.Release|Any CPU.Build.0 = Release|Any CPU
		{1C844491-3CE5-4D9B-89E7-86BE8C27CE9E}.Debug|Any CPU.ActiveCfg = Debug|Any CPU
		{1C844491-3CE5-4D9B-89E7-86BE8C27CE9E}.Debug|Any CPU.Build.0 = Debug|Any CPU
		{1C844491-3CE5-4D9B-89E7-86BE8C27CE9E}.Release|Any CPU.ActiveCfg = Release|Any CPU
		{1C844491-3CE5-4D9B-89E7-86BE8C27CE9E}.Release|Any CPU.Build.0 = Release|Any CPU
		{DEA40742-5E96-4143-852D-7534CA0CAA9D}.Debug|Any CPU.ActiveCfg = Debug|Any CPU
		{DEA40742-5E96-4143-852D-7534CA0CAA9D}.Debug|Any CPU.Build.0 = Debug|Any CPU
		{DEA40742-5E96-4143-852D-7534CA0CAA9D}.Release|Any CPU.ActiveCfg = Release|Any CPU
		{DEA40742-5E96-4143-852D-7534CA0CAA9D}.Release|Any CPU.Build.0 = Release|Any CPU
		{AF834D2F-7D3E-47A2-A545-0BB62581F1AB}.Debug|Any CPU.ActiveCfg = Debug|Any CPU
		{AF834D2F-7D3E-47A2-A545-0BB62581F1AB}.Debug|Any CPU.Build.0 = Debug|Any CPU
		{AF834D2F-7D3E-47A2-A545-0BB62581F1AB}.Release|Any CPU.ActiveCfg = Release|Any CPU
		{AF834D2F-7D3E-47A2-A545-0BB62581F1AB}.Release|Any CPU.Build.0 = Release|Any CPU
		{4C8248FA-0B12-4D00-8B1E-113942520405}.Debug|Any CPU.ActiveCfg = Debug|Any CPU
		{4C8248FA-0B12-4D00-8B1E-113942520405}.Debug|Any CPU.Build.0 = Debug|Any CPU
		{4C8248FA-0B12-4D00-8B1E-113942520405}.Release|Any CPU.ActiveCfg = Release|Any CPU
		{4C8248FA-0B12-4D00-8B1E-113942520405}.Release|Any CPU.Build.0 = Release|Any CPU
		{6ED8376A-D99C-4A94-9952-4C7855336B1F}.Debug|Any CPU.ActiveCfg = Debug|Any CPU
		{6ED8376A-D99C-4A94-9952-4C7855336B1F}.Debug|Any CPU.Build.0 = Debug|Any CPU
		{6ED8376A-D99C-4A94-9952-4C7855336B1F}.Release|Any CPU.ActiveCfg = Release|Any CPU
		{6ED8376A-D99C-4A94-9952-4C7855336B1F}.Release|Any CPU.Build.0 = Release|Any CPU
	EndGlobalSection
	GlobalSection(SolutionProperties) = preSolution
		HideSolutionNode = FALSE
	EndGlobalSection
	GlobalSection(NestedProjects) = preSolution
		{022A3D3D-47EB-41C2-A9B0-A2EA52EE3D38} = {78DB5AE6-B19B-4DE8-BC33-4C2C2C9B34D4}
		{29DE70B4-13DE-4D0A-8E37-2E9EAB252395} = {78DB5AE6-B19B-4DE8-BC33-4C2C2C9B34D4}
		{9D914C92-ED59-481A-9114-06C849A33B3C} = {78DB5AE6-B19B-4DE8-BC33-4C2C2C9B34D4}
		{D2C8222F-B531-40A4-A43A-A1F4543557EB} = {800D3DA2-3631-4B83-BDA0-0099497C9043}
		{1C844491-3CE5-4D9B-89E7-86BE8C27CE9E} = {800D3DA2-3631-4B83-BDA0-0099497C9043}
	EndGlobalSection
	GlobalSection(ExtensibilityGlobals) = postSolution
		SolutionGuid = {6974FC9E-EA8C-4D88-A746-EA0D485A72F0}
	EndGlobalSection
EndGlobal
