
Microsoft Visual Studio Solution File, Format Version 12.00
# Visual Studio Version 17
VisualStudioVersion = 17.6.33829.357
MinimumVisualStudioVersion = 10.0.40219.1
Project("{9A19103F-16F7-4668-BE54-9A1E7A4F7556}") = "PitWallDataGatheringApi", "PitWallDataGatheringApi\PitWallDataGatheringApi.csproj", "{022A3D3D-47EB-41C2-A9B0-A2EA52EE3D38}"
EndProject
Project("{9A19103F-16F7-4668-BE54-9A1E7A4F7556}") = "PitWallDataGatheringApi.Tests", "PitWallDataGatheringApi.Tests\PitWallDataGatheringApi.Tests.csproj", "{29DE70B4-13DE-4D0A-8E37-2E9EAB252395}"
EndProject
Project("{2150E333-8FDC-42A3-9474-1A3956D46DE8}") = "Solution Items", "Solution Items", "{464F40EE-D811-4432-9F48-06A274E2DC27}"
	ProjectSection(SolutionItems) = preProject
		..\..\azure-pipelines.yml = ..\..\azure-pipelines.yml
		..\Container\compose.yml = ..\Container\compose.yml
	EndProjectSection
EndProject
Project("{9A19103F-16F7-4668-BE54-9A1E7A4F7556}") = "PitWallDataGatheringApi.Integration.Tests", "PitWallDataGatheringApi.Integration.Tests\PitWallDataGatheringApi.Integration.Tests.csproj", "{9D914C92-ED59-481A-9114-06C849A33B3C}"
EndProject
Project("{FAE04EC0-301F-11D3-BF4B-00C04F79EFBC}") = "PitWallDataGatheringApi.Models", "PitWallDataGatheringApi.Models\PitWallDataGatheringApi.Models.csproj", "{2F941E44-0B54-4917-8794-51F6048E6636}"
EndProject
Global
	GlobalSection(SolutionConfigurationPlatforms) = preSolution
		Debug|Any CPU = Debug|Any CPU
		Release|Any CPU = Release|Any CPU
	EndGlobalSection
	GlobalSection(ProjectConfigurationPlatforms) = postSolution
		{022A3D3D-47EB-41C2-A9B0-A2EA52EE3D38}.Debug|Any CPU.ActiveCfg = Debug|Any CPU
		{022A3D3D-47EB-41C2-A9B0-A2EA52EE3D38}.Debug|Any CPU.Build.0 = Debug|Any CPU
		{022A3D3D-47EB-41C2-A9B0-A2EA52EE3D38}.Release|Any CPU.ActiveCfg = Release|Any CPU
		{022A3D3D-47EB-41C2-A9B0-A2EA52EE3D38}.Release|Any CPU.Build.0 = Release|Any CPU
		{29DE70B4-13DE-4D0A-8E37-2E9EAB252395}.Debug|Any CPU.ActiveCfg = Debug|Any CPU
		{29DE70B4-13DE-4D0A-8E37-2E9EAB252395}.Debug|Any CPU.Build.0 = Debug|Any CPU
		{29DE70B4-13DE-4D0A-8E37-2E9EAB252395}.Release|Any CPU.ActiveCfg = Release|Any CPU
		{29DE70B4-13DE-4D0A-8E37-2E9EAB252395}.Release|Any CPU.Build.0 = Release|Any CPU
		{9D914C92-ED59-481A-9114-06C849A33B3C}.Debug|Any CPU.ActiveCfg = Debug|Any CPU
		{9D914C92-ED59-481A-9114-06C849A33B3C}.Debug|Any CPU.Build.0 = Debug|Any CPU
		{9D914C92-ED59-481A-9114-06C849A33B3C}.Release|Any CPU.ActiveCfg = Release|Any CPU
		{9D914C92-ED59-481A-9114-06C849A33B3C}.Release|Any CPU.Build.0 = Release|Any CPU
		{2F941E44-0B54-4917-8794-51F6048E6636}.Debug|Any CPU.ActiveCfg = Debug|Any CPU
		{2F941E44-0B54-4917-8794-51F6048E6636}.Debug|Any CPU.Build.0 = Debug|Any CPU
		{2F941E44-0B54-4917-8794-51F6048E6636}.Release|Any CPU.ActiveCfg = Release|Any CPU
		{2F941E44-0B54-4917-8794-51F6048E6636}.Release|Any CPU.Build.0 = Release|Any CPU
	EndGlobalSection
	GlobalSection(SolutionProperties) = preSolution
		HideSolutionNode = FALSE
	EndGlobalSection
	GlobalSection(ExtensibilityGlobals) = postSolution
		SolutionGuid = {6974FC9E-EA8C-4D88-A746-EA0D485A72F0}
	EndGlobalSection
EndGlobal
